
Microsoft Visual Studio Solution File, Format Version 12.00
# Visual Studio Version 17
VisualStudioVersion = 17.0.31903.59
MinimumVisualStudioVersion = 10.0.40219.1
Project("{FAE04EC0-301F-11D3-BF4B-00C04F79EFBC}") = "task17", "task17\task17.csproj", "{FC9B0A78-AA28-4596-912E-2541F9E7A955}"
EndProject
Project("{FAE04EC0-301F-11D3-BF4B-00C04F79EFBC}") = "task17tests", "task17tests\task17tests.csproj", "{ABB82E6E-0A5A-404B-A8A3-0D0FDBF4E9DB}"
EndProject
Global
	GlobalSection(SolutionConfigurationPlatforms) = preSolution
		Debug|Any CPU = Debug|Any CPU
		Debug|x64 = Debug|x64
		Debug|x86 = Debug|x86
		Release|Any CPU = Release|Any CPU
		Release|x64 = Release|x64
		Release|x86 = Release|x86
	EndGlobalSection
	GlobalSection(ProjectConfigurationPlatforms) = postSolution
		{FC9B0A78-AA28-4596-912E-2541F9E7A955}.Debug|Any CPU.ActiveCfg = Debug|Any CPU
		{FC9B0A78-AA28-4596-912E-2541F9E7A955}.Debug|Any CPU.Build.0 = Debug|Any CPU
		{FC9B0A78-AA28-4596-912E-2541F9E7A955}.Debug|x64.ActiveCfg = Debug|Any CPU
		{FC9B0A78-AA28-4596-912E-2541F9E7A955}.Debug|x64.Build.0 = Debug|Any CPU
		{FC9B0A78-AA28-4596-912E-2541F9E7A955}.Debug|x86.ActiveCfg = Debug|Any CPU
		{FC9B0A78-AA28-4596-912E-2541F9E7A955}.Debug|x86.Build.0 = Debug|Any CPU
		{FC9B0A78-AA28-4596-912E-2541F9E7A955}.Release|Any CPU.ActiveCfg = Release|Any CPU
		{FC9B0A78-AA28-4596-912E-2541F9E7A955}.Release|Any CPU.Build.0 = Release|Any CPU
		{FC9B0A78-AA28-4596-912E-2541F9E7A955}.Release|x64.ActiveCfg = Release|Any CPU
		{FC9B0A78-AA28-4596-912E-2541F9E7A955}.Release|x64.Build.0 = Release|Any CPU
		{FC9B0A78-AA28-4596-912E-2541F9E7A955}.Release|x86.ActiveCfg = Release|Any CPU
		{FC9B0A78-AA28-4596-912E-2541F9E7A955}.Release|x86.Build.0 = Release|Any CPU
		{ABB82E6E-0A5A-404B-A8A3-0D0FDBF4E9DB}.Debug|Any CPU.ActiveCfg = Debug|Any CPU
		{ABB82E6E-0A5A-404B-A8A3-0D0FDBF4E9DB}.Debug|Any CPU.Build.0 = Debug|Any CPU
		{ABB82E6E-0A5A-404B-A8A3-0D0FDBF4E9DB}.Debug|x64.ActiveCfg = Debug|Any CPU
		{ABB82E6E-0A5A-404B-A8A3-0D0FDBF4E9DB}.Debug|x64.Build.0 = Debug|Any CPU
		{ABB82E6E-0A5A-404B-A8A3-0D0FDBF4E9DB}.Debug|x86.ActiveCfg = Debug|Any CPU
		{ABB82E6E-0A5A-404B-A8A3-0D0FDBF4E9DB}.Debug|x86.Build.0 = Debug|Any CPU
		{ABB82E6E-0A5A-404B-A8A3-0D0FDBF4E9DB}.Release|Any CPU.ActiveCfg = Release|Any CPU
		{ABB82E6E-0A5A-404B-A8A3-0D0FDBF4E9DB}.Release|Any CPU.Build.0 = Release|Any CPU
		{ABB82E6E-0A5A-404B-A8A3-0D0FDBF4E9DB}.Release|x64.ActiveCfg = Release|Any CPU
		{ABB82E6E-0A5A-404B-A8A3-0D0FDBF4E9DB}.Release|x64.Build.0 = Release|Any CPU
		{ABB82E6E-0A5A-404B-A8A3-0D0FDBF4E9DB}.Release|x86.ActiveCfg = Release|Any CPU
		{ABB82E6E-0A5A-404B-A8A3-0D0FDBF4E9DB}.Release|x86.Build.0 = Release|Any CPU
	EndGlobalSection
	GlobalSection(SolutionProperties) = preSolution
		HideSolutionNode = FALSE
	EndGlobalSection
EndGlobal
