
Microsoft Visual Studio Solution File, Format Version 12.00
# Visual Studio Version 17
VisualStudioVersion = 17.0.31903.59
MinimumVisualStudioVersion = 10.0.40219.1
Project("{FAE04EC0-301F-11D3-BF4B-00C04F79EFBC}") = "task02", "task02\task02.csproj", "{D3AF70B7-6D81-40FA-8F94-B7AD55A9555C}"
EndProject
Project("{FAE04EC0-301F-11D3-BF4B-00C04F79EFBC}") = "task02tests", "task02tests\task02tests.csproj", "{FD97ED55-F06F-4113-9098-43E98D7D0440}"
EndProject
Global
	GlobalSection(SolutionConfigurationPlatforms) = preSolution
		Debug|Any CPU = Debug|Any CPU
		Debug|x64 = Debug|x64
		Debug|x86 = Debug|x86
		Release|Any CPU = Release|Any CPU
		Release|x64 = Release|x64
		Release|x86 = Release|x86
	EndGlobalSection
	GlobalSection(ProjectConfigurationPlatforms) = postSolution
		{D3AF70B7-6D81-40FA-8F94-B7AD55A9555C}.Debug|Any CPU.ActiveCfg = Debug|Any CPU
		{D3AF70B7-6D81-40FA-8F94-B7AD55A9555C}.Debug|Any CPU.Build.0 = Debug|Any CPU
		{D3AF70B7-6D81-40FA-8F94-B7AD55A9555C}.Debug|x64.ActiveCfg = Debug|Any CPU
		{D3AF70B7-6D81-40FA-8F94-B7AD55A9555C}.Debug|x64.Build.0 = Debug|Any CPU
		{D3AF70B7-6D81-40FA-8F94-B7AD55A9555C}.Debug|x86.ActiveCfg = Debug|Any CPU
		{D3AF70B7-6D81-40FA-8F94-B7AD55A9555C}.Debug|x86.Build.0 = Debug|Any CPU
		{D3AF70B7-6D81-40FA-8F94-B7AD55A9555C}.Release|Any CPU.ActiveCfg = Release|Any CPU
		{D3AF70B7-6D81-40FA-8F94-B7AD55A9555C}.Release|Any CPU.Build.0 = Release|Any CPU
		{D3AF70B7-6D81-40FA-8F94-B7AD55A9555C}.Release|x64.ActiveCfg = Release|Any CPU
		{D3AF70B7-6D81-40FA-8F94-B7AD55A9555C}.Release|x64.Build.0 = Release|Any CPU
		{D3AF70B7-6D81-40FA-8F94-B7AD55A9555C}.Release|x86.ActiveCfg = Release|Any CPU
		{D3AF70B7-6D81-40FA-8F94-B7AD55A9555C}.Release|x86.Build.0 = Release|Any CPU
		{FD97ED55-F06F-4113-9098-43E98D7D0440}.Debug|Any CPU.ActiveCfg = Debug|Any CPU
		{FD97ED55-F06F-4113-9098-43E98D7D0440}.Debug|Any CPU.Build.0 = Debug|Any CPU
		{FD97ED55-F06F-4113-9098-43E98D7D0440}.Debug|x64.ActiveCfg = Debug|Any CPU
		{FD97ED55-F06F-4113-9098-43E98D7D0440}.Debug|x64.Build.0 = Debug|Any CPU
		{FD97ED55-F06F-4113-9098-43E98D7D0440}.Debug|x86.ActiveCfg = Debug|Any CPU
		{FD97ED55-F06F-4113-9098-43E98D7D0440}.Debug|x86.Build.0 = Debug|Any CPU
		{FD97ED55-F06F-4113-9098-43E98D7D0440}.Release|Any CPU.ActiveCfg = Release|Any CPU
		{FD97ED55-F06F-4113-9098-43E98D7D0440}.Release|Any CPU.Build.0 = Release|Any CPU
		{FD97ED55-F06F-4113-9098-43E98D7D0440}.Release|x64.ActiveCfg = Release|Any CPU
		{FD97ED55-F06F-4113-9098-43E98D7D0440}.Release|x64.Build.0 = Release|Any CPU
		{FD97ED55-F06F-4113-9098-43E98D7D0440}.Release|x86.ActiveCfg = Release|Any CPU
		{FD97ED55-F06F-4113-9098-43E98D7D0440}.Release|x86.Build.0 = Release|Any CPU
	EndGlobalSection
	GlobalSection(SolutionProperties) = preSolution
		HideSolutionNode = FALSE
	EndGlobalSection
EndGlobal
